
Microsoft Visual Studio Solution File, Format Version 12.00
# Visual Studio Version 17
VisualStudioVersion = 17.14.36221.1
MinimumVisualStudioVersion = 10.0.40219.1
Project("{8BC9CEB8-8B4A-11D0-8D11-00A0C91BC942}") = "programa_1", "programa_1\programa_1.vcxproj", "{D495CC95-F103-4532-861A-9E4272C989AB}"
EndProject
Project("{8BC9CEB8-8B4A-11D0-8D11-00A0C91BC942}") = "tArea1", "tArea1\tArea1.vcxproj", "{3811D30E-D815-4E30-B1E1-B967237E00C1}"
EndProject
Project("{8BC9CEB8-8B4A-11D0-8D11-00A0C91BC942}") = "WHILECPP", "WHILECPP\WHILECPP.vcxproj", "{4AE12BCE-5790-4E81-BD86-02E1111F9B80}"
EndProject
Project("{888888A0-9F3D-457C-B088-3A5042F75D52}") = "while", "while\while.pyproj", "{A54A5E84-2194-478B-B00D-D87DDC2EA6B8}"
EndProject
Project("{8BC9CEB8-8B4A-11D0-8D11-00A0C91BC942}") = "REPETIR", "REPETIR\REPETIR.vcxproj", "{6D78486E-143A-4D3C-98F1-49215C1FEFF6}"
EndProject
Project("{8BC9CEB8-8B4A-11D0-8D11-00A0C91BC942}") = "forCPP", "forCPP\forCPP.vcxproj", "{8ED06960-4007-4673-9703-EF33309CFBFB}"
EndProject
Project("{888888A0-9F3D-457C-B088-3A5042F75D52}") = "for.py", "for.py\for.py.pyproj", "{C646FE29-8608-4589-BFFC-7F9F5E9B8F3B}"
EndProject
Project("{8BC9CEB8-8B4A-11D0-8D11-00A0C91BC942}") = "ALEATORIO.cpp", "ALEATORIO.cpp\ALEATORIO.cpp.vcxproj", "{EE2AA402-BE96-4D5F-9AB4-62C382348FF3}"
EndProject
Project("{888888A0-9F3D-457C-B088-3A5042F75D52}") = "aleatorio.py", "aleatorio.py\aleatorio.py.pyproj", "{FDEBD13A-2E64-4584-BDE6-770D59889BC2}"
EndProject
Project("{8BC9CEB8-8B4A-11D0-8D11-00A0C91BC942}") = "cadenas.cpp", "cadenas.cpp\cadenas.cpp.vcxproj", "{283756D4-4B13-4267-8D62-C126F478DE20}"
EndProject
Project("{8BC9CEB8-8B4A-11D0-8D11-00A0C91BC942}") = "ARREGLOS.cpp", "ARREGLOS.cpp\ARREGLOS.cpp.vcxproj", "{16D8C8B5-9388-4C40-A06E-2590045F82E4}"
EndProject
Project("{888888A0-9F3D-457C-B088-3A5042F75D52}") = "LISTAS.py", "LISTAS.py\LISTAS.py.pyproj", "{BCC1321F-337B-41DC-AD5E-65EE0E12F861}"
EndProject
Project("{888888A0-9F3D-457C-B088-3A5042F75D52}") = "dragones", "dragones\dragones.pyproj", "{7B9C7F23-C2F0-4F2E-BBB4-6F7C431DD5E4}"
EndProject
Project("{8BC9CEB8-8B4A-11D0-8D11-00A0C91BC942}") = "funcion", "funcion\funcion.vcxproj", "{4C74A47A-4305-42B0-A1AB-9335E2EB50F0}"
EndProject
Project("{888888A0-9F3D-457C-B088-3A5042F75D52}") = "funcionpy", "funcionpy\funcionpy.pyproj", "{23F8C2AF-F2EA-430D-A16E-80D86F9D201C}"
EndProject
Global
	GlobalSection(SolutionConfigurationPlatforms) = preSolution
		Debug|Any CPU = Debug|Any CPU
		Debug|x64 = Debug|x64
		Debug|x86 = Debug|x86
		Release|Any CPU = Release|Any CPU
		Release|x64 = Release|x64
		Release|x86 = Release|x86
	EndGlobalSection
	GlobalSection(ProjectConfigurationPlatforms) = postSolution
		{D495CC95-F103-4532-861A-9E4272C989AB}.Debug|Any CPU.ActiveCfg = Debug|x64
		{D495CC95-F103-4532-861A-9E4272C989AB}.Debug|Any CPU.Build.0 = Debug|x64
		{D495CC95-F103-4532-861A-9E4272C989AB}.Debug|x64.ActiveCfg = Debug|x64
		{D495CC95-F103-4532-861A-9E4272C989AB}.Debug|x64.Build.0 = Debug|x64
		{D495CC95-F103-4532-861A-9E4272C989AB}.Debug|x86.ActiveCfg = Debug|Win32
		{D495CC95-F103-4532-861A-9E4272C989AB}.Debug|x86.Build.0 = Debug|Win32
		{D495CC95-F103-4532-861A-9E4272C989AB}.Release|Any CPU.ActiveCfg = Release|x64
		{D495CC95-F103-4532-861A-9E4272C989AB}.Release|Any CPU.Build.0 = Release|x64
		{D495CC95-F103-4532-861A-9E4272C989AB}.Release|x64.ActiveCfg = Release|x64
		{D495CC95-F103-4532-861A-9E4272C989AB}.Release|x64.Build.0 = Release|x64
		{D495CC95-F103-4532-861A-9E4272C989AB}.Release|x86.ActiveCfg = Release|Win32
		{D495CC95-F103-4532-861A-9E4272C989AB}.Release|x86.Build.0 = Release|Win32
		{3811D30E-D815-4E30-B1E1-B967237E00C1}.Debug|Any CPU.ActiveCfg = Debug|x64
		{3811D30E-D815-4E30-B1E1-B967237E00C1}.Debug|Any CPU.Build.0 = Debug|x64
		{3811D30E-D815-4E30-B1E1-B967237E00C1}.Debug|x64.ActiveCfg = Debug|x64
		{3811D30E-D815-4E30-B1E1-B967237E00C1}.Debug|x64.Build.0 = Debug|x64
		{3811D30E-D815-4E30-B1E1-B967237E00C1}.Debug|x86.ActiveCfg = Debug|Win32
		{3811D30E-D815-4E30-B1E1-B967237E00C1}.Debug|x86.Build.0 = Debug|Win32
		{3811D30E-D815-4E30-B1E1-B967237E00C1}.Release|Any CPU.ActiveCfg = Release|x64
		{3811D30E-D815-4E30-B1E1-B967237E00C1}.Release|Any CPU.Build.0 = Release|x64
		{3811D30E-D815-4E30-B1E1-B967237E00C1}.Release|x64.ActiveCfg = Release|x64
		{3811D30E-D815-4E30-B1E1-B967237E00C1}.Release|x64.Build.0 = Release|x64
		{3811D30E-D815-4E30-B1E1-B967237E00C1}.Release|x86.ActiveCfg = Release|Win32
		{3811D30E-D815-4E30-B1E1-B967237E00C1}.Release|x86.Build.0 = Release|Win32
		{4AE12BCE-5790-4E81-BD86-02E1111F9B80}.Debug|Any CPU.ActiveCfg = Debug|x64
		{4AE12BCE-5790-4E81-BD86-02E1111F9B80}.Debug|Any CPU.Build.0 = Debug|x64
		{4AE12BCE-5790-4E81-BD86-02E1111F9B80}.Debug|x64.ActiveCfg = Debug|x64
		{4AE12BCE-5790-4E81-BD86-02E1111F9B80}.Debug|x64.Build.0 = Debug|x64
		{4AE12BCE-5790-4E81-BD86-02E1111F9B80}.Debug|x86.ActiveCfg = Debug|Win32
		{4AE12BCE-5790-4E81-BD86-02E1111F9B80}.Debug|x86.Build.0 = Debug|Win32
		{4AE12BCE-5790-4E81-BD86-02E1111F9B80}.Release|Any CPU.ActiveCfg = Release|x64
		{4AE12BCE-5790-4E81-BD86-02E1111F9B80}.Release|Any CPU.Build.0 = Release|x64
		{4AE12BCE-5790-4E81-BD86-02E1111F9B80}.Release|x64.ActiveCfg = Release|x64
		{4AE12BCE-5790-4E81-BD86-02E1111F9B80}.Release|x64.Build.0 = Release|x64
		{4AE12BCE-5790-4E81-BD86-02E1111F9B80}.Release|x86.ActiveCfg = Release|Win32
		{4AE12BCE-5790-4E81-BD86-02E1111F9B80}.Release|x86.Build.0 = Release|Win32
		{A54A5E84-2194-478B-B00D-D87DDC2EA6B8}.Debug|Any CPU.ActiveCfg = Debug|Any CPU
		{A54A5E84-2194-478B-B00D-D87DDC2EA6B8}.Debug|x64.ActiveCfg = Debug|Any CPU
		{A54A5E84-2194-478B-B00D-D87DDC2EA6B8}.Debug|x86.ActiveCfg = Debug|Any CPU
		{A54A5E84-2194-478B-B00D-D87DDC2EA6B8}.Release|Any CPU.ActiveCfg = Release|Any CPU
		{A54A5E84-2194-478B-B00D-D87DDC2EA6B8}.Release|x64.ActiveCfg = Release|Any CPU
		{A54A5E84-2194-478B-B00D-D87DDC2EA6B8}.Release|x86.ActiveCfg = Release|Any CPU
		{6D78486E-143A-4D3C-98F1-49215C1FEFF6}.Debug|Any CPU.ActiveCfg = Debug|x64
		{6D78486E-143A-4D3C-98F1-49215C1FEFF6}.Debug|Any CPU.Build.0 = Debug|x64
		{6D78486E-143A-4D3C-98F1-49215C1FEFF6}.Debug|x64.ActiveCfg = Debug|x64
		{6D78486E-143A-4D3C-98F1-49215C1FEFF6}.Debug|x64.Build.0 = Debug|x64
		{6D78486E-143A-4D3C-98F1-49215C1FEFF6}.Debug|x86.ActiveCfg = Debug|Win32
		{6D78486E-143A-4D3C-98F1-49215C1FEFF6}.Debug|x86.Build.0 = Debug|Win32
		{6D78486E-143A-4D3C-98F1-49215C1FEFF6}.Release|Any CPU.ActiveCfg = Release|x64
		{6D78486E-143A-4D3C-98F1-49215C1FEFF6}.Release|Any CPU.Build.0 = Release|x64
		{6D78486E-143A-4D3C-98F1-49215C1FEFF6}.Release|x64.ActiveCfg = Release|x64
		{6D78486E-143A-4D3C-98F1-49215C1FEFF6}.Release|x64.Build.0 = Release|x64
		{6D78486E-143A-4D3C-98F1-49215C1FEFF6}.Release|x86.ActiveCfg = Release|Win32
		{6D78486E-143A-4D3C-98F1-49215C1FEFF6}.Release|x86.Build.0 = Release|Win32
		{8ED06960-4007-4673-9703-EF33309CFBFB}.Debug|Any CPU.ActiveCfg = Debug|x64
		{8ED06960-4007-4673-9703-EF33309CFBFB}.Debug|Any CPU.Build.0 = Debug|x64
		{8ED06960-4007-4673-9703-EF33309CFBFB}.Debug|x64.ActiveCfg = Debug|x64
		{8ED06960-4007-4673-9703-EF33309CFBFB}.Debug|x64.Build.0 = Debug|x64
		{8ED06960-4007-4673-9703-EF33309CFBFB}.Debug|x86.ActiveCfg = Debug|Win32
		{8ED06960-4007-4673-9703-EF33309CFBFB}.Debug|x86.Build.0 = Debug|Win32
		{8ED06960-4007-4673-9703-EF33309CFBFB}.Release|Any CPU.ActiveCfg = Release|x64
		{8ED06960-4007-4673-9703-EF33309CFBFB}.Release|Any CPU.Build.0 = Release|x64
		{8ED06960-4007-4673-9703-EF33309CFBFB}.Release|x64.ActiveCfg = Release|x64
		{8ED06960-4007-4673-9703-EF33309CFBFB}.Release|x64.Build.0 = Release|x64
		{8ED06960-4007-4673-9703-EF33309CFBFB}.Release|x86.ActiveCfg = Release|Win32
		{8ED06960-4007-4673-9703-EF33309CFBFB}.Release|x86.Build.0 = Release|Win32
		{C646FE29-8608-4589-BFFC-7F9F5E9B8F3B}.Debug|Any CPU.ActiveCfg = Debug|Any CPU
		{C646FE29-8608-4589-BFFC-7F9F5E9B8F3B}.Debug|x64.ActiveCfg = Debug|Any CPU
		{C646FE29-8608-4589-BFFC-7F9F5E9B8F3B}.Debug|x86.ActiveCfg = Debug|Any CPU
		{C646FE29-8608-4589-BFFC-7F9F5E9B8F3B}.Release|Any CPU.ActiveCfg = Release|Any CPU
		{C646FE29-8608-4589-BFFC-7F9F5E9B8F3B}.Release|x64.ActiveCfg = Release|Any CPU
		{C646FE29-8608-4589-BFFC-7F9F5E9B8F3B}.Release|x86.ActiveCfg = Release|Any CPU
		{EE2AA402-BE96-4D5F-9AB4-62C382348FF3}.Debug|Any CPU.ActiveCfg = Debug|x64
		{EE2AA402-BE96-4D5F-9AB4-62C382348FF3}.Debug|Any CPU.Build.0 = Debug|x64
		{EE2AA402-BE96-4D5F-9AB4-62C382348FF3}.Debug|x64.ActiveCfg = Debug|x64
		{EE2AA402-BE96-4D5F-9AB4-62C382348FF3}.Debug|x64.Build.0 = Debug|x64
		{EE2AA402-BE96-4D5F-9AB4-62C382348FF3}.Debug|x86.ActiveCfg = Debug|Win32
		{EE2AA402-BE96-4D5F-9AB4-62C382348FF3}.Debug|x86.Build.0 = Debug|Win32
		{EE2AA402-BE96-4D5F-9AB4-62C382348FF3}.Release|Any CPU.ActiveCfg = Release|x64
		{EE2AA402-BE96-4D5F-9AB4-62C382348FF3}.Release|Any CPU.Build.0 = Release|x64
		{EE2AA402-BE96-4D5F-9AB4-62C382348FF3}.Release|x64.ActiveCfg = Release|x64
		{EE2AA402-BE96-4D5F-9AB4-62C382348FF3}.Release|x64.Build.0 = Release|x64
		{EE2AA402-BE96-4D5F-9AB4-62C382348FF3}.Release|x86.ActiveCfg = Release|Win32
		{EE2AA402-BE96-4D5F-9AB4-62C382348FF3}.Release|x86.Build.0 = Release|Win32
		{FDEBD13A-2E64-4584-BDE6-770D59889BC2}.Debug|Any CPU.ActiveCfg = Debug|Any CPU
		{FDEBD13A-2E64-4584-BDE6-770D59889BC2}.Debug|x64.ActiveCfg = Debug|Any CPU
		{FDEBD13A-2E64-4584-BDE6-770D59889BC2}.Debug|x86.ActiveCfg = Debug|Any CPU
		{FDEBD13A-2E64-4584-BDE6-770D59889BC2}.Release|Any CPU.ActiveCfg = Release|Any CPU
		{FDEBD13A-2E64-4584-BDE6-770D59889BC2}.Release|x64.ActiveCfg = Release|Any CPU
		{FDEBD13A-2E64-4584-BDE6-770D59889BC2}.Release|x86.ActiveCfg = Release|Any CPU
		{283756D4-4B13-4267-8D62-C126F478DE20}.Debug|Any CPU.ActiveCfg = Debug|x64
		{283756D4-4B13-4267-8D62-C126F478DE20}.Debug|Any CPU.Build.0 = Debug|x64
		{283756D4-4B13-4267-8D62-C126F478DE20}.Debug|x64.ActiveCfg = Debug|x64
		{283756D4-4B13-4267-8D62-C126F478DE20}.Debug|x64.Build.0 = Debug|x64
		{283756D4-4B13-4267-8D62-C126F478DE20}.Debug|x86.ActiveCfg = Debug|Win32
		{283756D4-4B13-4267-8D62-C126F478DE20}.Debug|x86.Build.0 = Debug|Win32
		{283756D4-4B13-4267-8D62-C126F478DE20}.Release|Any CPU.ActiveCfg = Release|x64
		{283756D4-4B13-4267-8D62-C126F478DE20}.Release|Any CPU.Build.0 = Release|x64
		{283756D4-4B13-4267-8D62-C126F478DE20}.Release|x64.ActiveCfg = Release|x64
		{283756D4-4B13-4267-8D62-C126F478DE20}.Release|x64.Build.0 = Release|x64
		{283756D4-4B13-4267-8D62-C126F478DE20}.Release|x86.ActiveCfg = Release|Win32
		{283756D4-4B13-4267-8D62-C126F478DE20}.Release|x86.Build.0 = Release|Win32
		{16D8C8B5-9388-4C40-A06E-2590045F82E4}.Debug|Any CPU.ActiveCfg = Debug|x64
		{16D8C8B5-9388-4C40-A06E-2590045F82E4}.Debug|Any CPU.Build.0 = Debug|x64
		{16D8C8B5-9388-4C40-A06E-2590045F82E4}.Debug|x64.ActiveCfg = Debug|x64
		{16D8C8B5-9388-4C40-A06E-2590045F82E4}.Debug|x64.Build.0 = Debug|x64
		{16D8C8B5-9388-4C40-A06E-2590045F82E4}.Debug|x86.ActiveCfg = Debug|Win32
		{16D8C8B5-9388-4C40-A06E-2590045F82E4}.Debug|x86.Build.0 = Debug|Win32
		{16D8C8B5-9388-4C40-A06E-2590045F82E4}.Release|Any CPU.ActiveCfg = Release|x64
		{16D8C8B5-9388-4C40-A06E-2590045F82E4}.Release|Any CPU.Build.0 = Release|x64
		{16D8C8B5-9388-4C40-A06E-2590045F82E4}.Release|x64.ActiveCfg = Release|x64
		{16D8C8B5-9388-4C40-A06E-2590045F82E4}.Release|x64.Build.0 = Release|x64
		{16D8C8B5-9388-4C40-A06E-2590045F82E4}.Release|x86.ActiveCfg = Release|Win32
		{16D8C8B5-9388-4C40-A06E-2590045F82E4}.Release|x86.Build.0 = Release|Win32
		{BCC1321F-337B-41DC-AD5E-65EE0E12F861}.Debug|Any CPU.ActiveCfg = Debug|Any CPU
		{BCC1321F-337B-41DC-AD5E-65EE0E12F861}.Debug|x64.ActiveCfg = Debug|Any CPU
		{BCC1321F-337B-41DC-AD5E-65EE0E12F861}.Debug|x86.ActiveCfg = Debug|Any CPU
		{BCC1321F-337B-41DC-AD5E-65EE0E12F861}.Release|Any CPU.ActiveCfg = Release|Any CPU
		{BCC1321F-337B-41DC-AD5E-65EE0E12F861}.Release|x64.ActiveCfg = Release|Any CPU
		{BCC1321F-337B-41DC-AD5E-65EE0E12F861}.Release|x86.ActiveCfg = Release|Any CPU
		{7B9C7F23-C2F0-4F2E-BBB4-6F7C431DD5E4}.Debug|Any CPU.ActiveCfg = Debug|Any CPU
		{7B9C7F23-C2F0-4F2E-BBB4-6F7C431DD5E4}.Debug|x64.ActiveCfg = Debug|Any CPU
		{7B9C7F23-C2F0-4F2E-BBB4-6F7C431DD5E4}.Debug|x86.ActiveCfg = Debug|Any CPU
		{7B9C7F23-C2F0-4F2E-BBB4-6F7C431DD5E4}.Release|Any CPU.ActiveCfg = Release|Any CPU
		{7B9C7F23-C2F0-4F2E-BBB4-6F7C431DD5E4}.Release|x64.ActiveCfg = Release|Any CPU
		{7B9C7F23-C2F0-4F2E-BBB4-6F7C431DD5E4}.Release|x86.ActiveCfg = Release|Any CPU
		{4C74A47A-4305-42B0-A1AB-9335E2EB50F0}.Debug|Any CPU.ActiveCfg = Debug|x64
		{4C74A47A-4305-42B0-A1AB-9335E2EB50F0}.Debug|Any CPU.Build.0 = Debug|x64
		{4C74A47A-4305-42B0-A1AB-9335E2EB50F0}.Debug|x64.ActiveCfg = Debug|x64
		{4C74A47A-4305-42B0-A1AB-9335E2EB50F0}.Debug|x64.Build.0 = Debug|x64
		{4C74A47A-4305-42B0-A1AB-9335E2EB50F0}.Debug|x86.ActiveCfg = Debug|Win32
		{4C74A47A-4305-42B0-A1AB-9335E2EB50F0}.Debug|x86.Build.0 = Debug|Win32
		{4C74A47A-4305-42B0-A1AB-9335E2EB50F0}.Release|Any CPU.ActiveCfg = Release|x64
		{4C74A47A-4305-42B0-A1AB-9335E2EB50F0}.Release|Any CPU.Build.0 = Release|x64
		{4C74A47A-4305-42B0-A1AB-9335E2EB50F0}.Release|x64.ActiveCfg = Release|x64
		{4C74A47A-4305-42B0-A1AB-9335E2EB50F0}.Release|x64.Build.0 = Release|x64
		{4C74A47A-4305-42B0-A1AB-9335E2EB50F0}.Release|x86.ActiveCfg = Release|Win32
		{4C74A47A-4305-42B0-A1AB-9335E2EB50F0}.Release|x86.Build.0 = Release|Win32
		{23F8C2AF-F2EA-430D-A16E-80D86F9D201C}.Debug|Any CPU.ActiveCfg = Debug|Any CPU
		{23F8C2AF-F2EA-430D-A16E-80D86F9D201C}.Debug|x64.ActiveCfg = Debug|Any CPU
		{23F8C2AF-F2EA-430D-A16E-80D86F9D201C}.Debug|x86.ActiveCfg = Debug|Any CPU
		{23F8C2AF-F2EA-430D-A16E-80D86F9D201C}.Release|Any CPU.ActiveCfg = Release|Any CPU
		{23F8C2AF-F2EA-430D-A16E-80D86F9D201C}.Release|x64.ActiveCfg = Release|Any CPU
		{23F8C2AF-F2EA-430D-A16E-80D86F9D201C}.Release|x86.ActiveCfg = Release|Any CPU
	EndGlobalSection
	GlobalSection(SolutionProperties) = preSolution
		HideSolutionNode = FALSE
	EndGlobalSection
	GlobalSection(ExtensibilityGlobals) = postSolution
		SolutionGuid = {93C07733-FD7F-4E52-9423-3FE63E8434A7}
	EndGlobalSection
EndGlobal
